
Microsoft Visual Studio Solution File, Format Version 12.00
# Visual Studio Version 17
VisualStudioVersion = 17.2.32505.173
MinimumVisualStudioVersion = 10.0.40219.1
Project("{9A19103F-16F7-4668-BE54-9A1E7A4F7556}") = "1- Temel Entity, onconfiguring", "1- Temel Entity, onconfiguring\1- Temel Entity, onconfiguring.csproj", "{6C0750FB-B93D-454D-BB11-41D0A6745515}"
EndProject
Project("{9A19103F-16F7-4668-BE54-9A1E7A4F7556}") = "2- Veri Kalıcılığı  EF Core İle Veri Ekleme Detayları", "2- Veri Kalıcılığı  EF Core İle Veri Ekleme Detayları\2- Veri Kalıcılığı  EF Core İle Veri Ekleme Detayları.csproj", "{F4E8F14F-41BC-449C-8EF0-6889C429C2BA}"
EndProject
Project("{9A19103F-16F7-4668-BE54-9A1E7A4F7556}") = "3- Veri Kalıcılığı  EF Core İle Veri Güncelleme Detayları", "3- Veri Kalıcılığı  EF Core İle Veri Güncelleme Detayları\3- Veri Kalıcılığı  EF Core İle Veri Güncelleme Detayları.csproj", "{5DC31B22-883A-48C2-8B63-74C0E52DCC28}"
EndProject
Project("{9A19103F-16F7-4668-BE54-9A1E7A4F7556}") = "4- Veri Kalıcılığı  EF Core İle Veri Silme Detayları", "4- Veri Kalıcılığı  EF Core İle Veri Silme Detayları\4- Veri Kalıcılığı  EF Core İle Veri Silme Detayları.csproj", "{067D4870-DE1B-471A-A222-2F0E7A1669D1}"
EndProject
Project("{9A19103F-16F7-4668-BE54-9A1E7A4F7556}") = "5- Veri Sorgulama  Temel Düzeyde Sorgulama Yapılanmaları ve tüm sorgular", "5- Veri Sorgulama  Temel Düzeyde Sorgulama Yapılanmaları ve tüm sorgular\5- Veri Sorgulama  Temel Düzeyde Sorgulama Yapılanmaları ve tüm sorgular.csproj", "{E405855D-A07F-45B1-8C95-6A96944823E7}"
EndProject
Project("{9A19103F-16F7-4668-BE54-9A1E7A4F7556}") = "6- ChangeTracker", "6- ChangeTracker\6- ChangeTracker.csproj", "{C7529879-A0D7-4CBA-A48B-6A14A2D33E53}"
EndProject
Project("{9A19103F-16F7-4668-BE54-9A1E7A4F7556}") = "7- AsNoTracking, AsNoTrackingWithIdentityResolution, UseQueryTrackingBehavior", "7- AsNoTracking, AsNoTrackingWithIdentityResolution, UseQueryTrackingBehavior\7- AsNoTracking, AsNoTrackingWithIdentityResolution, UseQueryTrackingBehavior.csproj", "{4057F9ED-6849-4CBE-893C-E7CC31FBD96B}"
EndProject
Project("{9A19103F-16F7-4668-BE54-9A1E7A4F7556}") = "8-  İlişkisel Yapılar  Aşina Olunması Gereken Temel Kavramlar", "8-  İlişkisel Yapılar  Aşina Olunması Gereken Temel Kavramlar\8-  İlişkisel Yapılar  Aşina Olunması Gereken Temel Kavramlar.csproj", "{BC892FD9-7C89-43FA-9931-BE5CF2D9CA84}"
EndProject
Project("{9A19103F-16F7-4668-BE54-9A1E7A4F7556}") = "9- One to One Relationship  Tüm Detaylarıyla Birebir İlişki Yapılanması", "9- One to One Relationship  Tüm Detaylarıyla Birebir İlişki Yapılanması\9- One to One Relationship  Tüm Detaylarıyla Birebir İlişki Yapılanması.csproj", "{BFB1EAEA-7E53-44E9-9EE9-0D1B2BDBAAC8}"
EndProject
Project("{9A19103F-16F7-4668-BE54-9A1E7A4F7556}") = "10- One to Many Relationship  Tüm Detaylarıyla Bire Çok İlişki Yapılanması", "10- One to Many Relationship  Tüm Detaylarıyla Bire Çok İlişki Yapılanması\10- One to Many Relationship  Tüm Detaylarıyla Bire Çok İlişki Yapılanması.csproj", "{AF8C10FA-44F8-434D-877F-BD6CE5C2307B}"
EndProject
Project("{9A19103F-16F7-4668-BE54-9A1E7A4F7556}") = "11- Many to Many Relationship  Tüm Detaylarıyla Çoka Çok İlişki Yapılanması", "11- Many to Many Relationship  Tüm Detaylarıyla Çoka Çok İlişki Yapılanması\11- Many to Many Relationship  Tüm Detaylarıyla Çoka Çok İlişki Yapılanması.csproj", "{F673AF71-0054-4F74-9022-5216FC1977D1}"
EndProject
Project("{9A19103F-16F7-4668-BE54-9A1E7A4F7556}") = "12- İlişkisel Senaryolarda Veri Ekleme Davranışları", "12- İlişkisel Senaryolarda Veri Ekleme Davranışları\12- İlişkisel Senaryolarda Veri Ekleme Davranışları.csproj", "{1443DCFD-1DDA-4CCC-8CF3-EC30D7477E10}"
EndProject
Project("{9A19103F-16F7-4668-BE54-9A1E7A4F7556}") = "13- İlişkisel Senaryolarda Veri Güncelleme Davranışları", "13- İlişkisel Senaryolarda Veri Güncelleme Davranışları\13- İlişkisel Senaryolarda Veri Güncelleme Davranışları.csproj", "{DDA8A52A-54CB-41F5-89FE-ED7EB96EA240}"
EndProject
Project("{9A19103F-16F7-4668-BE54-9A1E7A4F7556}") = "14- İlişkisel Senaryolarda Veri Silme ve Cascade Delete Davranışları", "14- İlişkisel Senaryolarda Veri Silme ve Cascade Delete Davranışları\14- İlişkisel Senaryolarda Veri Silme ve Cascade Delete Davranışları.csproj", "{47A9F2AF-63CD-4EB4-AB76-41ABF880DAA7}"
EndProject
Project("{9A19103F-16F7-4668-BE54-9A1E7A4F7556}") = "15- Özelleştirici Entity Konfigürasyonları", "15- Özelleştirici Entity Konfigürasyonları\15- Özelleştirici Entity Konfigürasyonları.csproj", "{34D96F4E-C063-4E67-AB24-BCA02FEC3A92}"
EndProject
Project("{9A19103F-16F7-4668-BE54-9A1E7A4F7556}") = "16- IEntityTypeConfiguration İle Yapılandırmaları Harici Dosyalara Ayırmak", "16- IEntityTypeConfiguration İle Yapılandırmaları Harici Dosyalara Ayırmak\16- IEntityTypeConfiguration İle Yapılandırmaları Harici Dosyalara Ayırmak.csproj", "{3D3B3D03-42D1-4A03-98FD-AC33C8DE2F89}"
EndProject
Project("{9A19103F-16F7-4668-BE54-9A1E7A4F7556}") = "17- Loading Related Data - Eager loading(Include)", "17- Loading Related Data - Eager loading(Include)\17- Loading Related Data - Eager loading(Include).csproj", "{791CDADB-9FBC-4125-ADCF-390AF7703EA0}"
EndProject
Project("{9A19103F-16F7-4668-BE54-9A1E7A4F7556}") = "18- Complex Query Operators  Inner, Left, Right, Full, Cross Joins", "18- Complex Query Operators  Inner, Left, Right, Full, Cross Joins\18- Complex Query Operators  Inner, Left, Right, Full, Cross Joins.csproj", "{9010E71E-A15E-41E3-BCC0-F53A594EC403}"
EndProject
Project("{9A19103F-16F7-4668-BE54-9A1E7A4F7556}") = "19- Global Query Filters", "19- Global Query Filters\19- Global Query Filters.csproj", "{E1744C02-79D6-41CA-B45C-C04169856478}"
EndProject
Project("{9A19103F-16F7-4668-BE54-9A1E7A4F7556}") = "20- Transactions", "20- Transactions\20- Transactions.csproj", "{D0E0E34C-A510-4F40-B242-EF06FB0A6C97}"
EndProject
Project("{9A19103F-16F7-4668-BE54-9A1E7A4F7556}") = "21- EF Core Select Sorgularını Güçlendirme Teknikleri", "21- EF Core Select Sorgularını Güçlendirme Teknikleri\21- EF Core Select Sorgularını Güçlendirme Teknikleri.csproj", "{A1A1FEF6-70F3-4E20-B319-45F508B26828}"
EndProject
Global
	GlobalSection(SolutionConfigurationPlatforms) = preSolution
		Debug|Any CPU = Debug|Any CPU
		Release|Any CPU = Release|Any CPU
	EndGlobalSection
	GlobalSection(ProjectConfigurationPlatforms) = postSolution
		{6C0750FB-B93D-454D-BB11-41D0A6745515}.Debug|Any CPU.ActiveCfg = Debug|Any CPU
		{6C0750FB-B93D-454D-BB11-41D0A6745515}.Debug|Any CPU.Build.0 = Debug|Any CPU
		{6C0750FB-B93D-454D-BB11-41D0A6745515}.Release|Any CPU.ActiveCfg = Release|Any CPU
		{6C0750FB-B93D-454D-BB11-41D0A6745515}.Release|Any CPU.Build.0 = Release|Any CPU
		{F4E8F14F-41BC-449C-8EF0-6889C429C2BA}.Debug|Any CPU.ActiveCfg = Debug|Any CPU
		{F4E8F14F-41BC-449C-8EF0-6889C429C2BA}.Debug|Any CPU.Build.0 = Debug|Any CPU
		{F4E8F14F-41BC-449C-8EF0-6889C429C2BA}.Release|Any CPU.ActiveCfg = Release|Any CPU
		{F4E8F14F-41BC-449C-8EF0-6889C429C2BA}.Release|Any CPU.Build.0 = Release|Any CPU
		{5DC31B22-883A-48C2-8B63-74C0E52DCC28}.Debug|Any CPU.ActiveCfg = Debug|Any CPU
		{5DC31B22-883A-48C2-8B63-74C0E52DCC28}.Debug|Any CPU.Build.0 = Debug|Any CPU
		{5DC31B22-883A-48C2-8B63-74C0E52DCC28}.Release|Any CPU.ActiveCfg = Release|Any CPU
		{5DC31B22-883A-48C2-8B63-74C0E52DCC28}.Release|Any CPU.Build.0 = Release|Any CPU
		{067D4870-DE1B-471A-A222-2F0E7A1669D1}.Debug|Any CPU.ActiveCfg = Debug|Any CPU
		{067D4870-DE1B-471A-A222-2F0E7A1669D1}.Debug|Any CPU.Build.0 = Debug|Any CPU
		{067D4870-DE1B-471A-A222-2F0E7A1669D1}.Release|Any CPU.ActiveCfg = Release|Any CPU
		{067D4870-DE1B-471A-A222-2F0E7A1669D1}.Release|Any CPU.Build.0 = Release|Any CPU
		{E405855D-A07F-45B1-8C95-6A96944823E7}.Debug|Any CPU.ActiveCfg = Debug|Any CPU
		{E405855D-A07F-45B1-8C95-6A96944823E7}.Debug|Any CPU.Build.0 = Debug|Any CPU
		{E405855D-A07F-45B1-8C95-6A96944823E7}.Release|Any CPU.ActiveCfg = Release|Any CPU
		{E405855D-A07F-45B1-8C95-6A96944823E7}.Release|Any CPU.Build.0 = Release|Any CPU
		{C7529879-A0D7-4CBA-A48B-6A14A2D33E53}.Debug|Any CPU.ActiveCfg = Debug|Any CPU
		{C7529879-A0D7-4CBA-A48B-6A14A2D33E53}.Debug|Any CPU.Build.0 = Debug|Any CPU
		{C7529879-A0D7-4CBA-A48B-6A14A2D33E53}.Release|Any CPU.ActiveCfg = Release|Any CPU
		{C7529879-A0D7-4CBA-A48B-6A14A2D33E53}.Release|Any CPU.Build.0 = Release|Any CPU
		{4057F9ED-6849-4CBE-893C-E7CC31FBD96B}.Debug|Any CPU.ActiveCfg = Debug|Any CPU
		{4057F9ED-6849-4CBE-893C-E7CC31FBD96B}.Debug|Any CPU.Build.0 = Debug|Any CPU
		{4057F9ED-6849-4CBE-893C-E7CC31FBD96B}.Release|Any CPU.ActiveCfg = Release|Any CPU
		{4057F9ED-6849-4CBE-893C-E7CC31FBD96B}.Release|Any CPU.Build.0 = Release|Any CPU
		{BC892FD9-7C89-43FA-9931-BE5CF2D9CA84}.Debug|Any CPU.ActiveCfg = Debug|Any CPU
		{BC892FD9-7C89-43FA-9931-BE5CF2D9CA84}.Debug|Any CPU.Build.0 = Debug|Any CPU
		{BC892FD9-7C89-43FA-9931-BE5CF2D9CA84}.Release|Any CPU.ActiveCfg = Release|Any CPU
		{BC892FD9-7C89-43FA-9931-BE5CF2D9CA84}.Release|Any CPU.Build.0 = Release|Any CPU
		{BFB1EAEA-7E53-44E9-9EE9-0D1B2BDBAAC8}.Debug|Any CPU.ActiveCfg = Debug|Any CPU
		{BFB1EAEA-7E53-44E9-9EE9-0D1B2BDBAAC8}.Debug|Any CPU.Build.0 = Debug|Any CPU
		{BFB1EAEA-7E53-44E9-9EE9-0D1B2BDBAAC8}.Release|Any CPU.ActiveCfg = Release|Any CPU
		{BFB1EAEA-7E53-44E9-9EE9-0D1B2BDBAAC8}.Release|Any CPU.Build.0 = Release|Any CPU
		{AF8C10FA-44F8-434D-877F-BD6CE5C2307B}.Debug|Any CPU.ActiveCfg = Debug|Any CPU
		{AF8C10FA-44F8-434D-877F-BD6CE5C2307B}.Debug|Any CPU.Build.0 = Debug|Any CPU
		{AF8C10FA-44F8-434D-877F-BD6CE5C2307B}.Release|Any CPU.ActiveCfg = Release|Any CPU
		{AF8C10FA-44F8-434D-877F-BD6CE5C2307B}.Release|Any CPU.Build.0 = Release|Any CPU
		{F673AF71-0054-4F74-9022-5216FC1977D1}.Debug|Any CPU.ActiveCfg = Debug|Any CPU
		{F673AF71-0054-4F74-9022-5216FC1977D1}.Debug|Any CPU.Build.0 = Debug|Any CPU
		{F673AF71-0054-4F74-9022-5216FC1977D1}.Release|Any CPU.ActiveCfg = Release|Any CPU
		{F673AF71-0054-4F74-9022-5216FC1977D1}.Release|Any CPU.Build.0 = Release|Any CPU
		{1443DCFD-1DDA-4CCC-8CF3-EC30D7477E10}.Debug|Any CPU.ActiveCfg = Debug|Any CPU
		{1443DCFD-1DDA-4CCC-8CF3-EC30D7477E10}.Debug|Any CPU.Build.0 = Debug|Any CPU
		{1443DCFD-1DDA-4CCC-8CF3-EC30D7477E10}.Release|Any CPU.ActiveCfg = Release|Any CPU
		{1443DCFD-1DDA-4CCC-8CF3-EC30D7477E10}.Release|Any CPU.Build.0 = Release|Any CPU
		{DDA8A52A-54CB-41F5-89FE-ED7EB96EA240}.Debug|Any CPU.ActiveCfg = Debug|Any CPU
		{DDA8A52A-54CB-41F5-89FE-ED7EB96EA240}.Debug|Any CPU.Build.0 = Debug|Any CPU
		{DDA8A52A-54CB-41F5-89FE-ED7EB96EA240}.Release|Any CPU.ActiveCfg = Release|Any CPU
		{DDA8A52A-54CB-41F5-89FE-ED7EB96EA240}.Release|Any CPU.Build.0 = Release|Any CPU
		{47A9F2AF-63CD-4EB4-AB76-41ABF880DAA7}.Debug|Any CPU.ActiveCfg = Debug|Any CPU
		{47A9F2AF-63CD-4EB4-AB76-41ABF880DAA7}.Debug|Any CPU.Build.0 = Debug|Any CPU
		{47A9F2AF-63CD-4EB4-AB76-41ABF880DAA7}.Release|Any CPU.ActiveCfg = Release|Any CPU
		{47A9F2AF-63CD-4EB4-AB76-41ABF880DAA7}.Release|Any CPU.Build.0 = Release|Any CPU
		{34D96F4E-C063-4E67-AB24-BCA02FEC3A92}.Debug|Any CPU.ActiveCfg = Debug|Any CPU
		{34D96F4E-C063-4E67-AB24-BCA02FEC3A92}.Debug|Any CPU.Build.0 = Debug|Any CPU
		{34D96F4E-C063-4E67-AB24-BCA02FEC3A92}.Release|Any CPU.ActiveCfg = Release|Any CPU
		{34D96F4E-C063-4E67-AB24-BCA02FEC3A92}.Release|Any CPU.Build.0 = Release|Any CPU
		{3D3B3D03-42D1-4A03-98FD-AC33C8DE2F89}.Debug|Any CPU.ActiveCfg = Debug|Any CPU
		{3D3B3D03-42D1-4A03-98FD-AC33C8DE2F89}.Debug|Any CPU.Build.0 = Debug|Any CPU
		{3D3B3D03-42D1-4A03-98FD-AC33C8DE2F89}.Release|Any CPU.ActiveCfg = Release|Any CPU
		{3D3B3D03-42D1-4A03-98FD-AC33C8DE2F89}.Release|Any CPU.Build.0 = Release|Any CPU
		{791CDADB-9FBC-4125-ADCF-390AF7703EA0}.Debug|Any CPU.ActiveCfg = Debug|Any CPU
		{791CDADB-9FBC-4125-ADCF-390AF7703EA0}.Debug|Any CPU.Build.0 = Debug|Any CPU
		{791CDADB-9FBC-4125-ADCF-390AF7703EA0}.Release|Any CPU.ActiveCfg = Release|Any CPU
		{791CDADB-9FBC-4125-ADCF-390AF7703EA0}.Release|Any CPU.Build.0 = Release|Any CPU
		{9010E71E-A15E-41E3-BCC0-F53A594EC403}.Debug|Any CPU.ActiveCfg = Debug|Any CPU
		{9010E71E-A15E-41E3-BCC0-F53A594EC403}.Debug|Any CPU.Build.0 = Debug|Any CPU
		{9010E71E-A15E-41E3-BCC0-F53A594EC403}.Release|Any CPU.ActiveCfg = Release|Any CPU
		{9010E71E-A15E-41E3-BCC0-F53A594EC403}.Release|Any CPU.Build.0 = Release|Any CPU
		{E1744C02-79D6-41CA-B45C-C04169856478}.Debug|Any CPU.ActiveCfg = Debug|Any CPU
		{E1744C02-79D6-41CA-B45C-C04169856478}.Debug|Any CPU.Build.0 = Debug|Any CPU
		{E1744C02-79D6-41CA-B45C-C04169856478}.Release|Any CPU.ActiveCfg = Release|Any CPU
		{E1744C02-79D6-41CA-B45C-C04169856478}.Release|Any CPU.Build.0 = Release|Any CPU
		{D0E0E34C-A510-4F40-B242-EF06FB0A6C97}.Debug|Any CPU.ActiveCfg = Debug|Any CPU
		{D0E0E34C-A510-4F40-B242-EF06FB0A6C97}.Debug|Any CPU.Build.0 = Debug|Any CPU
		{D0E0E34C-A510-4F40-B242-EF06FB0A6C97}.Release|Any CPU.ActiveCfg = Release|Any CPU
		{D0E0E34C-A510-4F40-B242-EF06FB0A6C97}.Release|Any CPU.Build.0 = Release|Any CPU
		{A1A1FEF6-70F3-4E20-B319-45F508B26828}.Debug|Any CPU.ActiveCfg = Debug|Any CPU
		{A1A1FEF6-70F3-4E20-B319-45F508B26828}.Debug|Any CPU.Build.0 = Debug|Any CPU
		{A1A1FEF6-70F3-4E20-B319-45F508B26828}.Release|Any CPU.ActiveCfg = Release|Any CPU
		{A1A1FEF6-70F3-4E20-B319-45F508B26828}.Release|Any CPU.Build.0 = Release|Any CPU
	EndGlobalSection
	GlobalSection(SolutionProperties) = preSolution
		HideSolutionNode = FALSE
	EndGlobalSection
	GlobalSection(ExtensibilityGlobals) = postSolution
		SolutionGuid = {035B538A-D702-4477-A08E-7A84D727700B}
	EndGlobalSection
EndGlobal
